
Microsoft Visual Studio Solution File, Format Version 12.00
# Visual Studio Version 16
VisualStudioVersion = 16.0.32106.194
MinimumVisualStudioVersion = 10.0.40219.1
Project("{FAE04EC0-301F-11D3-BF4B-00C04F79EFBC}") = "DISCORD NITRO CHECKER", "DISCORD NITRO CHECKER\DISCORD NITRO CHECKER.csproj", "{8DF7E194-AE08-4553-99AD-71D64E6F69AF}"
EndProject
Global
	GlobalSection(SolutionConfigurationPlatforms) = preSolution
		Debug|Any CPU = Debug|Any CPU
		Release|Any CPU = Release|Any CPU
	EndGlobalSection
	GlobalSection(ProjectConfigurationPlatforms) = postSolution
		{8DF7E194-AE08-4553-99AD-71D64E6F69AF}.Debug|Any CPU.ActiveCfg = Debug|Any CPU
		{8DF7E194-AE08-4553-99AD-71D64E6F69AF}.Debug|Any CPU.Build.0 = Debug|Any CPU
		{8DF7E194-AE08-4553-99AD-71D64E6F69AF}.Release|Any CPU.ActiveCfg = Release|Any CPU
		{8DF7E194-AE08-4553-99AD-71D64E6F69AF}.Release|Any CPU.Build.0 = Release|Any CPU
	EndGlobalSection
	GlobalSection(SolutionProperties) = preSolution
		HideSolutionNode = FALSE
	EndGlobalSection
	GlobalSection(ExtensibilityGlobals) = postSolution
		SolutionGuid = {C7EC17C4-5B81-434E-91B0-43B98EA2459B}
	EndGlobalSection
EndGlobal
